// !$*UTF8*$!
{
	archiveVersion = 1;
	classes = {
	};
	objectVersion = 51;
	objects = {

/* Begin PBXBuildFile section */
		172CB7DA2487B1B6002CFB9C /* HeroDotaTableViewCell.swift in Sources */ = {isa = PBXBuildFile; fileRef = 172CB7D92487B1B6002CFB9C /* HeroDotaTableViewCell.swift */; };
		1772A2DD2486B604002C30A7 /* AppDelegate.swift in Sources */ = {isa = PBXBuildFile; fileRef = 1772A2DC2486B604002C30A7 /* AppDelegate.swift */; };
		1772A2E62486B606002C30A7 /* Assets.xcassets in Resources */ = {isa = PBXBuildFile; fileRef = 1772A2E52486B606002C30A7 /* Assets.xcassets */; };
		1772A2E92486B606002C30A7 /* LaunchScreen.storyboard in Resources */ = {isa = PBXBuildFile; fileRef = 1772A2E72486B606002C30A7 /* LaunchScreen.storyboard */; };
		1772A2F72486B6F3002C30A7 /* Dota.storyboard in Resources */ = {isa = PBXBuildFile; fileRef = 1772A2F12486B6F3002C30A7 /* Dota.storyboard */; };
		1772A2F82486B6F3002C30A7 /* DotaPresenter.swift in Sources */ = {isa = PBXBuildFile; fileRef = 1772A2F22486B6F3002C30A7 /* DotaPresenter.swift */; };
		1772A2F92486B6F3002C30A7 /* DotaRouter.swift in Sources */ = {isa = PBXBuildFile; fileRef = 1772A2F32486B6F3002C30A7 /* DotaRouter.swift */; };
		1772A2FA2486B6F3002C30A7 /* DotaViewController.swift in Sources */ = {isa = PBXBuildFile; fileRef = 1772A2F42486B6F3002C30A7 /* DotaViewController.swift */; };
		1772A2FB2486B6F3002C30A7 /* DotaProtocols.swift in Sources */ = {isa = PBXBuildFile; fileRef = 1772A2F52486B6F3002C30A7 /* DotaProtocols.swift */; };
		1772A2FC2486B6F3002C30A7 /* DotaInteractor.swift in Sources */ = {isa = PBXBuildFile; fileRef = 1772A2F62486B6F3002C30A7 /* DotaInteractor.swift */; };
		1772A3022486B9BB002C30A7 /* HeroModel.swift in Sources */ = {isa = PBXBuildFile; fileRef = 1772A3012486B9BB002C30A7 /* HeroModel.swift */; };
		7E48AF6A44E928C31631D120 /* Pods_DotaLegend.framework in Frameworks */ = {isa = PBXBuildFile; fileRef = 1D15D488632F8D8781F45BB9 /* Pods_DotaLegend.framework */; };
/* End PBXBuildFile section */

/* Begin PBXFileReference section */
		172CB7D92487B1B6002CFB9C /* HeroDotaTableViewCell.swift */ = {isa = PBXFileReference; lastKnownFileType = sourcecode.swift; path = HeroDotaTableViewCell.swift; sourceTree = "<group>"; };
		1772A2D92486B603002C30A7 /* DotaLegend.app */ = {isa = PBXFileReference; explicitFileType = wrapper.application; includeInIndex = 0; path = DotaLegend.app; sourceTree = BUILT_PRODUCTS_DIR; };
		1772A2DC2486B604002C30A7 /* AppDelegate.swift */ = {isa = PBXFileReference; lastKnownFileType = sourcecode.swift; path = AppDelegate.swift; sourceTree = "<group>"; };
		1772A2E52486B606002C30A7 /* Assets.xcassets */ = {isa = PBXFileReference; lastKnownFileType = folder.assetcatalog; path = Assets.xcassets; sourceTree = "<group>"; };
		1772A2E82486B606002C30A7 /* Base */ = {isa = PBXFileReference; lastKnownFileType = file.storyboard; name = Base; path = Base.lproj/LaunchScreen.storyboard; sourceTree = "<group>"; };
		1772A2EA2486B606002C30A7 /* Info.plist */ = {isa = PBXFileReference; lastKnownFileType = text.plist.xml; path = Info.plist; sourceTree = "<group>"; };
		1772A2F12486B6F3002C30A7 /* Dota.storyboard */ = {isa = PBXFileReference; lastKnownFileType = file.storyboard; path = Dota.storyboard; sourceTree = "<group>"; };
		1772A2F22486B6F3002C30A7 /* DotaPresenter.swift */ = {isa = PBXFileReference; lastKnownFileType = sourcecode.swift; path = DotaPresenter.swift; sourceTree = "<group>"; };
		1772A2F32486B6F3002C30A7 /* DotaRouter.swift */ = {isa = PBXFileReference; lastKnownFileType = sourcecode.swift; path = DotaRouter.swift; sourceTree = "<group>"; };
		1772A2F42486B6F3002C30A7 /* DotaViewController.swift */ = {isa = PBXFileReference; lastKnownFileType = sourcecode.swift; path = DotaViewController.swift; sourceTree = "<group>"; };
		1772A2F52486B6F3002C30A7 /* DotaProtocols.swift */ = {isa = PBXFileReference; lastKnownFileType = sourcecode.swift; path = DotaProtocols.swift; sourceTree = "<group>"; };
		1772A2F62486B6F3002C30A7 /* DotaInteractor.swift */ = {isa = PBXFileReference; lastKnownFileType = sourcecode.swift; path = DotaInteractor.swift; sourceTree = "<group>"; };
		1772A3012486B9BB002C30A7 /* HeroModel.swift */ = {isa = PBXFileReference; lastKnownFileType = sourcecode.swift; path = HeroModel.swift; sourceTree = "<group>"; };
		1D15D488632F8D8781F45BB9 /* Pods_DotaLegend.framework */ = {isa = PBXFileReference; explicitFileType = wrapper.framework; includeInIndex = 0; path = Pods_DotaLegend.framework; sourceTree = BUILT_PRODUCTS_DIR; };
		B267781D9025792F8284E2E0 /* Pods-DotaLegend.debug.xcconfig */ = {isa = PBXFileReference; includeInIndex = 1; lastKnownFileType = text.xcconfig; name = "Pods-DotaLegend.debug.xcconfig"; path = "Target Support Files/Pods-DotaLegend/Pods-DotaLegend.debug.xcconfig"; sourceTree = "<group>"; };
		E07F5F74A5A7EE77EBB090EB /* Pods-DotaLegend.release.xcconfig */ = {isa = PBXFileReference; includeInIndex = 1; lastKnownFileType = text.xcconfig; name = "Pods-DotaLegend.release.xcconfig"; path = "Target Support Files/Pods-DotaLegend/Pods-DotaLegend.release.xcconfig"; sourceTree = "<group>"; };
/* End PBXFileReference section */

/* Begin PBXFrameworksBuildPhase section */
		1772A2D62486B603002C30A7 /* Frameworks */ = {
			isa = PBXFrameworksBuildPhase;
			buildActionMask = 2147483647;
			files = (
				7E48AF6A44E928C31631D120 /* Pods_DotaLegend.framework in Frameworks */,
			);
			runOnlyForDeploymentPostprocessing = 0;
		};
/* End PBXFrameworksBuildPhase section */

/* Begin PBXGroup section */
		172CB7D82487B19A002CFB9C /* UITableViewCell */ = {
			isa = PBXGroup;
			children = (
				172CB7D92487B1B6002CFB9C /* HeroDotaTableViewCell.swift */,
			);
			path = UITableViewCell;
			sourceTree = "<group>";
		};
		172CB7DB2487B6FF002CFB9C /* Entity */ = {
			isa = PBXGroup;
			children = (
				1772A3012486B9BB002C30A7 /* HeroModel.swift */,
			);
			path = Entity;
			sourceTree = "<group>";
		};
		1772A2D02486B603002C30A7 = {
			isa = PBXGroup;
			children = (
				1772A2DB2486B603002C30A7 /* DotaLegend */,
				1772A2DA2486B603002C30A7 /* Products */,
				60E7637F06F470CF1F19F968 /* Pods */,
				8BD4F81E870385748EF11385 /* Frameworks */,
			);
			sourceTree = "<group>";
		};
		1772A2DA2486B603002C30A7 /* Products */ = {
			isa = PBXGroup;
			children = (
				1772A2D92486B603002C30A7 /* DotaLegend.app */,
			);
			name = Products;
			sourceTree = "<group>";
		};
		1772A2DB2486B603002C30A7 /* DotaLegend */ = {
			isa = PBXGroup;
			children = (
				1772A2DC2486B604002C30A7 /* AppDelegate.swift */,
				1772A2F02486B6D5002C30A7 /* Dota */,
				1772A2E52486B606002C30A7 /* Assets.xcassets */,
				1772A2E72486B606002C30A7 /* LaunchScreen.storyboard */,
				1772A2EA2486B606002C30A7 /* Info.plist */,
			);
			path = DotaLegend;
			sourceTree = "<group>";
		};
		1772A2F02486B6D5002C30A7 /* Dota */ = {
			isa = PBXGroup;
			children = (
				172CB7DB2487B6FF002CFB9C /* Entity */,
				172CB7D82487B19A002CFB9C /* UITableViewCell */,
				1772A2F12486B6F3002C30A7 /* Dota.storyboard */,
				1772A2F22486B6F3002C30A7 /* DotaPresenter.swift */,
				1772A2F32486B6F3002C30A7 /* DotaRouter.swift */,
				1772A2F42486B6F3002C30A7 /* DotaViewController.swift */,
				1772A2F52486B6F3002C30A7 /* DotaProtocols.swift */,
				1772A2F62486B6F3002C30A7 /* DotaInteractor.swift */,
			);
			path = Dota;
			sourceTree = "<group>";
		};
		60E7637F06F470CF1F19F968 /* Pods */ = {
			isa = PBXGroup;
			children = (
				B267781D9025792F8284E2E0 /* Pods-DotaLegend.debug.xcconfig */,
				E07F5F74A5A7EE77EBB090EB /* Pods-DotaLegend.release.xcconfig */,
			);
			path = Pods;
			sourceTree = "<group>";
		};
		8BD4F81E870385748EF11385 /* Frameworks */ = {
			isa = PBXGroup;
			children = (
				1D15D488632F8D8781F45BB9 /* Pods_DotaLegend.framework */,
			);
			name = Frameworks;
			sourceTree = "<group>";
		};
/* End PBXGroup section */

/* Begin PBXNativeTarget section */
		1772A2D82486B603002C30A7 /* DotaLegend */ = {
			isa = PBXNativeTarget;
			buildConfigurationList = 1772A2ED2486B606002C30A7 /* Build configuration list for PBXNativeTarget "DotaLegend" */;
			buildPhases = (
				5D62AE92ABB348298867A99B /* [CP] Check Pods Manifest.lock */,
				1772A2D52486B603002C30A7 /* Sources */,
				1772A2D62486B603002C30A7 /* Frameworks */,
				1772A2D72486B603002C30A7 /* Resources */,
				3F5F2208A9C6165832F288DD /* [CP] Embed Pods Frameworks */,
			);
			buildRules = (
			);
			dependencies = (
			);
			name = DotaLegend;
			productName = DotaLegend;
			productReference = 1772A2D92486B603002C30A7 /* DotaLegend.app */;
			productType = "com.apple.product-type.application";
		};
/* End PBXNativeTarget section */

/* Begin PBXProject section */
		1772A2D12486B603002C30A7 /* Project object */ = {
			isa = PBXProject;
			attributes = {
				LastSwiftUpdateCheck = 1150;
				LastUpgradeCheck = 1150;
				ORGANIZATIONNAME = "Supanut LDM";
				TargetAttributes = {
					1772A2D82486B603002C30A7 = {
						CreatedOnToolsVersion = 11.5;
					};
				};
			};
			buildConfigurationList = 1772A2D42486B603002C30A7 /* Build configuration list for PBXProject "DotaLegend" */;
			compatibilityVersion = "Xcode 9.3";
			developmentRegion = en;
			hasScannedForEncodings = 0;
			knownRegions = (
				en,
				Base,
			);
			mainGroup = 1772A2D02486B603002C30A7;
			productRefGroup = 1772A2DA2486B603002C30A7 /* Products */;
			projectDirPath = "";
			projectRoot = "";
			targets = (
				1772A2D82486B603002C30A7 /* DotaLegend */,
			);
		};
/* End PBXProject section */

/* Begin PBXResourcesBuildPhase section */
		1772A2D72486B603002C30A7 /* Resources */ = {
			isa = PBXResourcesBuildPhase;
			buildActionMask = 2147483647;
			files = (
				1772A2E92486B606002C30A7 /* LaunchScreen.storyboard in Resources */,
				1772A2E62486B606002C30A7 /* Assets.xcassets in Resources */,
				1772A2F72486B6F3002C30A7 /* Dota.storyboard in Resources */,
			);
			runOnlyForDeploymentPostprocessing = 0;
		};
/* End PBXResourcesBuildPhase section */

/* Begin PBXShellScriptBuildPhase section */
		3F5F2208A9C6165832F288DD /* [CP] Embed Pods Frameworks */ = {
			isa = PBXShellScriptBuildPhase;
			buildActionMask = 2147483647;
			files = (
			);
			inputFileListPaths = (
				"${PODS_ROOT}/Target Support Files/Pods-DotaLegend/Pods-DotaLegend-frameworks-${CONFIGURATION}-input-files.xcfilelist",
			);
			name = "[CP] Embed Pods Frameworks";
			outputFileListPaths = (
				"${PODS_ROOT}/Target Support Files/Pods-DotaLegend/Pods-DotaLegend-frameworks-${CONFIGURATION}-output-files.xcfilelist",
			);
			runOnlyForDeploymentPostprocessing = 0;
			shellPath = /bin/sh;
			shellScript = "\"${PODS_ROOT}/Target Support Files/Pods-DotaLegend/Pods-DotaLegend-frameworks.sh\"\n";
			showEnvVarsInLog = 0;
		};
		5D62AE92ABB348298867A99B /* [CP] Check Pods Manifest.lock */ = {
			isa = PBXShellScriptBuildPhase;
			buildActionMask = 2147483647;
			files = (
			);
			inputFileListPaths = (
			);
			inputPaths = (
				"${PODS_PODFILE_DIR_PATH}/Podfile.lock",
				"${PODS_ROOT}/Manifest.lock",
			);
			name = "[CP] Check Pods Manifest.lock";
			outputFileListPaths = (
			);
			outputPaths = (
				"$(DERIVED_FILE_DIR)/Pods-DotaLegend-checkManifestLockResult.txt",
			);
			runOnlyForDeploymentPostprocessing = 0;
			shellPath = /bin/sh;
			shellScript = "diff \"${PODS_PODFILE_DIR_PATH}/Podfile.lock\" \"${PODS_ROOT}/Manifest.lock\" > /dev/null\nif [ $? != 0 ] ; then\n    # print error to STDERR\n    echo \"error: The sandbox is not in sync with the Podfile.lock. Run 'pod install' or update your CocoaPods installation.\" >&2\n    exit 1\nfi\n# This output is used by Xcode 'outputs' to avoid re-running this script phase.\necho \"SUCCESS\" > \"${SCRIPT_OUTPUT_FILE_0}\"\n";
			showEnvVarsInLog = 0;
		};
/* End PBXShellScriptBuildPhase section */

/* Begin PBXSourcesBuildPhase section */
		1772A2D52486B603002C30A7 /* Sources */ = {
			isa = PBXSourcesBuildPhase;
			buildActionMask = 2147483647;
			files = (
				172CB7DA2487B1B6002CFB9C /* HeroDotaTableViewCell.swift in Sources */,
				1772A3022486B9BB002C30A7 /* HeroModel.swift in Sources */,
				1772A2FB2486B6F3002C30A7 /* DotaProtocols.swift in Sources */,
				1772A2FC2486B6F3002C30A7 /* DotaInteractor.swift in Sources */,
				1772A2DD2486B604002C30A7 /* AppDelegate.swift in Sources */,
				1772A2FA2486B6F3002C30A7 /* DotaViewController.swift in Sources */,
				1772A2F82486B6F3002C30A7 /* DotaPresenter.swift in Sources */,
				1772A2F92486B6F3002C30A7 /* DotaRouter.swift in Sources */,
			);
			runOnlyForDeploymentPostprocessing = 0;
		};
/* End PBXSourcesBuildPhase section */

/* Begin PBXVariantGroup section */
		1772A2E72486B606002C30A7 /* LaunchScreen.storyboard */ = {
			isa = PBXVariantGroup;
			children = (
				1772A2E82486B606002C30A7 /* Base */,
			);
			name = LaunchScreen.storyboard;
			sourceTree = "<group>";
		};
/* End PBXVariantGroup section */

/* Begin XCBuildConfiguration section */
		1772A2EB2486B606002C30A7 /* Debug */ = {
			isa = XCBuildConfiguration;
			buildSettings = {
				ALWAYS_SEARCH_USER_PATHS = NO;
				CLANG_ANALYZER_NONNULL = YES;
				CLANG_ANALYZER_NUMBER_OBJECT_CONVERSION = YES_AGGRESSIVE;
				CLANG_CXX_LANGUAGE_STANDARD = "gnu++14";
				CLANG_CXX_LIBRARY = "libc++";
				CLANG_ENABLE_MODULES = YES;
				CLANG_ENABLE_OBJC_ARC = YES;
				CLANG_ENABLE_OBJC_WEAK = YES;
				CLANG_WARN_BLOCK_CAPTURE_AUTORELEASING = YES;
				CLANG_WARN_BOOL_CONVERSION = YES;
				CLANG_WARN_COMMA = YES;
				CLANG_WARN_CONSTANT_CONVERSION = YES;
				CLANG_WARN_DEPRECATED_OBJC_IMPLEMENTATIONS = YES;
				CLANG_WARN_DIRECT_OBJC_ISA_USAGE = YES_ERROR;
				CLANG_WARN_DOCUMENTATION_COMMENTS = YES;
				CLANG_WARN_EMPTY_BODY = YES;
				CLANG_WARN_ENUM_CONVERSION = YES;
				CLANG_WARN_INFINITE_RECURSION = YES;
				CLANG_WARN_INT_CONVERSION = YES;
				CLANG_WARN_NON_LITERAL_NULL_CONVERSION = YES;
				CLANG_WARN_OBJC_IMPLICIT_RETAIN_SELF = YES;
				CLANG_WARN_OBJC_LITERAL_CONVERSION = YES;
				CLANG_WARN_OBJC_ROOT_CLASS = YES_ERROR;
				CLANG_WARN_RANGE_LOOP_ANALYSIS = YES;
				CLANG_WARN_STRICT_PROTOTYPES = YES;
				CLANG_WARN_SUSPICIOUS_MOVE = YES;
				CLANG_WARN_UNGUARDED_AVAILABILITY = YES_AGGRESSIVE;
				CLANG_WARN_UNREACHABLE_CODE = YES;
				CLANG_WARN__DUPLICATE_METHOD_MATCH = YES;
				COPY_PHASE_STRIP = NO;
				DEBUG_INFORMATION_FORMAT = dwarf;
				ENABLE_STRICT_OBJC_MSGSEND = YES;
				ENABLE_TESTABILITY = YES;
				GCC_C_LANGUAGE_STANDARD = gnu11;
				GCC_DYNAMIC_NO_PIC = NO;
				GCC_NO_COMMON_BLOCKS = YES;
				GCC_OPTIMIZATION_LEVEL = 0;
				GCC_PREPROCESSOR_DEFINITIONS = (
					"DEBUG=1",
					"$(inherited)",
				);
				GCC_WARN_64_TO_32_BIT_CONVERSION = YES;
				GCC_WARN_ABOUT_RETURN_TYPE = YES_ERROR;
				GCC_WARN_UNDECLARED_SELECTOR = YES;
				GCC_WARN_UNINITIALIZED_AUTOS = YES_AGGRESSIVE;
				GCC_WARN_UNUSED_FUNCTION = YES;
				GCC_WARN_UNUSED_VARIABLE = YES;
				IPHONEOS_DEPLOYMENT_TARGET = 13.5;
				MTL_ENABLE_DEBUG_INFO = INCLUDE_SOURCE;
				MTL_FAST_MATH = YES;
				ONLY_ACTIVE_ARCH = YES;
				SDKROOT = iphoneos;
				SWIFT_ACTIVE_COMPILATION_CONDITIONS = DEBUG;
				SWIFT_OPTIMIZATION_LEVEL = "-Onone";
			};
			name = Debug;
		};
		1772A2EC2486B606002C30A7 /* Release */ = {
			isa = XCBuildConfiguration;
			buildSettings = {
				ALWAYS_SEARCH_USER_PATHS = NO;
				CLANG_ANALYZER_NONNULL = YES;
				CLANG_ANALYZER_NUMBER_OBJECT_CONVERSION = YES_AGGRESSIVE;
				CLANG_CXX_LANGUAGE_STANDARD = "gnu++14";
				CLANG_CXX_LIBRARY = "libc++";
				CLANG_ENABLE_MODULES = YES;
				CLANG_ENABLE_OBJC_ARC = YES;
				CLANG_ENABLE_OBJC_WEAK = YES;
				CLANG_WARN_BLOCK_CAPTURE_AUTORELEASING = YES;
				CLANG_WARN_BOOL_CONVERSION = YES;
				CLANG_WARN_COMMA = YES;
				CLANG_WARN_CONSTANT_CONVERSION = YES;
				CLANG_WARN_DEPRECATED_OBJC_IMPLEMENTATIONS = YES;
				CLANG_WARN_DIRECT_OBJC_ISA_USAGE = YES_ERROR;
				CLANG_WARN_DOCUMENTATION_COMMENTS = YES;
				CLANG_WARN_EMPTY_BODY = YES;
				CLANG_WARN_ENUM_CONVERSION = YES;
				CLANG_WARN_INFINITE_RECURSION = YES;
				CLANG_WARN_INT_CONVERSION = YES;
				CLANG_WARN_NON_LITERAL_NULL_CONVERSION = YES;
				CLANG_WARN_OBJC_IMPLICIT_RETAIN_SELF = YES;
				CLANG_WARN_OBJC_LITERAL_CONVERSION = YES;
				CLANG_WARN_OBJC_ROOT_CLASS = YES_ERROR;
				CLANG_WARN_RANGE_LOOP_ANALYSIS = YES;
				CLANG_WARN_STRICT_PROTOTYPES = YES;
				CLANG_WARN_SUSPICIOUS_MOVE = YES;
				CLANG_WARN_UNGUARDED_AVAILABILITY = YES_AGGRESSIVE;
				CLANG_WARN_UNREACHABLE_CODE = YES;
				CLANG_WARN__DUPLICATE_METHOD_MATCH = YES;
				COPY_PHASE_STRIP = NO;
				DEBUG_INFORMATION_FORMAT = "dwarf-with-dsym";
				ENABLE_NS_ASSERTIONS = NO;
				ENABLE_STRICT_OBJC_MSGSEND = YES;
				GCC_C_LANGUAGE_STANDARD = gnu11;
				GCC_NO_COMMON_BLOCKS = YES;
				GCC_WARN_64_TO_32_BIT_CONVERSION = YES;
				GCC_WARN_ABOUT_RETURN_TYPE = YES_ERROR;
				GCC_WARN_UNDECLARED_SELECTOR = YES;
				GCC_WARN_UNINITIALIZED_AUTOS = YES_AGGRESSIVE;
				GCC_WARN_UNUSED_FUNCTION = YES;
				GCC_WARN_UNUSED_VARIABLE = YES;
				IPHONEOS_DEPLOYMENT_TARGET = 13.5;
				MTL_ENABLE_DEBUG_INFO = NO;
				MTL_FAST_MATH = YES;
				SDKROOT = iphoneos;
				SWIFT_COMPILATION_MODE = wholemodule;
				SWIFT_OPTIMIZATION_LEVEL = "-O";
				VALIDATE_PRODUCT = YES;
			};
			name = Release;
		};
		1772A2EE2486B606002C30A7 /* Debug */ = {
			isa = XCBuildConfiguration;
			baseConfigurationReference = B267781D9025792F8284E2E0 /* Pods-DotaLegend.debug.xcconfig */;
			buildSettings = {
				ASSETCATALOG_COMPILER_APPICON_NAME = AppIcon;
				CODE_SIGN_STYLE = Automatic;
				DEVELOPMENT_TEAM = QD4KUK365R;
				INFOPLIST_FILE = DotaLegend/Info.plist;
				LD_RUNPATH_SEARCH_PATHS = (
					"$(inherited)",
					"@executable_path/Frameworks",
				);
				PRODUCT_BUNDLE_IDENTIFIER = com.supanut.DotaLegend;
				PRODUCT_NAME = "$(TARGET_NAME)";
				SWIFT_VERSION = 5.0;
				TARGETED_DEVICE_FAMILY = "1,2";
			};
			name = Debug;
		};
		1772A2EF2486B606002C30A7 /* Release */ = {
			isa = XCBuildConfiguration;
			baseConfigurationReference = E07F5F74A5A7EE77EBB090EB /* Pods-DotaLegend.release.xcconfig */;
			buildSettings = {
				ASSETCATALOG_COMPILER_APPICON_NAME = AppIcon;
				CODE_SIGN_STYLE = Automatic;
				DEVELOPMENT_TEAM = QD4KUK365R;
				INFOPLIST_FILE = DotaLegend/Info.plist;
				LD_RUNPATH_SEARCH_PATHS = (
					"$(inherited)",
					"@executable_path/Frameworks",
				);
				PRODUCT_BUNDLE_IDENTIFIER = com.supanut.DotaLegend;
				PRODUCT_NAME = "$(TARGET_NAME)";
				SWIFT_VERSION = 5.0;
				TARGETED_DEVICE_FAMILY = "1,2";
			};
			name = Release;
		};
/* End XCBuildConfiguration section */

/* Begin XCConfigurationList section */
		1772A2D42486B603002C30A7 /* Build configuration list for PBXProject "DotaLegend" */ = {
			isa = XCConfigurationList;
			buildConfigurations = (
				1772A2EB2486B606002C30A7 /* Debug */,
				1772A2EC2486B606002C30A7 /* Release */,
			);
			defaultConfigurationIsVisible = 0;
			defaultConfigurationName = Release;
		};
		1772A2ED2486B606002C30A7 /* Build configuration list for PBXNativeTarget "DotaLegend" */ = {
			isa = XCConfigurationList;
			buildConfigurations = (
				1772A2EE2486B606002C30A7 /* Debug */,
				1772A2EF2486B606002C30A7 /* Release */,
			);
			defaultConfigurationIsVisible = 0;
			defaultConfigurationName = Release;
		};
/* End XCConfigurationList section */
	};
	rootObject = 1772A2D12486B603002C30A7 /* Project object */;
}
